{
  "object": {
    "pins": [
      {
        "package": "AEXML",
        "repositoryURL": "https://github.com/tadija/AEXML.git",
        "state": {
          "branch": null,
          "revision": "8623e73b193386909566a9ca20203e33a09af142",
          "version": "4.5.0"
        }
      },
      {
        "package": "FontBlaster",
        "repositoryURL": "https://github.com/ArtSabintsev/FontBlaster.git",
        "state": {
          "branch": null,
          "revision": "1f0856f10a7ce3821e36236ee597bdbacce049bc",
          "version": "5.1.1"
        }
      },
      {
        "package": "MenuItemKit",
        "repositoryURL": "https://github.com/cxa/MenuItemKit.git",
        "state": {
          "branch": null,
          "revision": "f9c40c444b0e2fc952cd3c8c6f4b0d30181dcb10",
          "version": "4.0.1"
        }
      },
      {
        "package": "Realm",
        "repositoryURL": "https://github.com/realm/realm-cocoa.git",
        "state": {
          "branch": null,
          "revision": "413515f82af5e2eda8901fd6cd20c8be2c67ed1c",
          "version": "3.17.3"
        }
      },
      {
        "package": "RealmCore",
        "repositoryURL": "https://github.com/realm/realm-core",
        "state": {
          "branch": null,
          "revision": "341ccfccbd9758171a3f2aaa78604ce60553b7ca",
          "version": "5.23.1"
        }
      },
      {
        "package": "ZFDragableModalTransition",
        "repositoryURL": "https://github.com/Maks-Jago/ZFDragableModalTransition.git",
        "state": {
          "branch": "master",
          "revision": "449e6529babf7c13c391f516b7f5fe892539c665",
          "version": null
        }
      },
      {
        "package": "ZipArchive",
        "repositoryURL": "https://github.com/Maks-Jago/ZipArchive.git",
        "state": {
          "branch": null,
          "revision": "7cff8c92634cad348e0b09aa19b8a61ac8d8ede9",
          "version": "2.2.4"
        }
      }
    ]
  },
  "version": 1
}
